{
  "name": "tests-in-package",
  "lockfileVersion": 2,
  "requires": true,
  "packages": {
    "": {
      "devDependencies": {
        "@anisotropy/eslint-plugin-stratified-design": "file:../"
      }
    },
    "..": {
      "version": "0.1.1",
      "dev": true,
      "license": "ISC",
      "dependencies": {
        "requireindex": "^1.2.0"
      },
      "devDependencies": {
        "eslint": "^8.19.0",
        "eslint-plugin-eslint-plugin": "^5.0.0",
        "eslint-plugin-node": "^11.1.0",
        "mocha": "^10.0.0"
      },
      "engines": {
        "node": "^14.17.0 || ^16.0.0 || >= 18.0.0"
      },
      "peerDependencies": {
        "eslint": ">=7"
      }
    },
    "../..": {
      "name": "@anisotropy/eslint-plugin-stratified-design",
      "version": "0.0.0",
      "dev": true,
      "license": "ISC",
      "dependencies": {
        "requireindex": "^1.2.0"
      },
      "devDependencies": {
        "eslint": "^8.19.0",
        "eslint-plugin-eslint-plugin": "^5.0.0",
        "eslint-plugin-node": "^11.1.0",
        "mocha": "^10.0.0"
      },
      "engines": {
        "node": "^14.17.0 || ^16.0.0 || >= 18.0.0"
      },
      "peerDependencies": {
        "eslint": ">=7"
      }
    },
    "../../lib": {
      "extraneous": true
    },
    "node_modules/@anisotropy/eslint-plugin-stratified-design": {
      "resolved": "..",
      "link": true
    }
  },
  "dependencies": {
    "@anisotropy/eslint-plugin-stratified-design": {
      "version": "file:..",
      "requires": {
        "eslint": "^8.19.0",
        "eslint-plugin-eslint-plugin": "^5.0.0",
        "eslint-plugin-node": "^11.1.0",
        "mocha": "^10.0.0",
        "requireindex": "^1.2.0"
      }
    }
  }
}
